
Microsoft Visual Studio Solution File, Format Version 12.00
# Visual Studio Version 17
VisualStudioVersion = 17.6.33829.357
MinimumVisualStudioVersion = 10.0.40219.1
Project("{FAE04EC0-301F-11D3-BF4B-00C04F79EFBC}") = "shawdp_InClass20240409", "shawdp_InClass20240409\shawdp_InClass20240409.csproj", "{32BBBA49-61A6-4233-903F-19829E77490C}"
EndProject
Global
	GlobalSection(SolutionConfigurationPlatforms) = preSolution
		Debug|Any CPU = Debug|Any CPU
		Release|Any CPU = Release|Any CPU
	EndGlobalSection
	GlobalSection(ProjectConfigurationPlatforms) = postSolution
		{32BBBA49-61A6-4233-903F-19829E77490C}.Debug|Any CPU.ActiveCfg = Debug|Any CPU
		{32BBBA49-61A6-4233-903F-19829E77490C}.Debug|Any CPU.Build.0 = Debug|Any CPU
		{32BBBA49-61A6-4233-903F-19829E77490C}.Release|Any CPU.ActiveCfg = Release|Any CPU
		{32BBBA49-61A6-4233-903F-19829E77490C}.Release|Any CPU.Build.0 = Release|Any CPU
	EndGlobalSection
	GlobalSection(SolutionProperties) = preSolution
		HideSolutionNode = FALSE
	EndGlobalSection
	GlobalSection(ExtensibilityGlobals) = postSolution
		SolutionGuid = {DFE8D8FC-3AC2-42BF-B915-7E74EC382375}
	EndGlobalSection
EndGlobal
